
Microsoft Visual Studio Solution File, Format Version 12.00
# Visual Studio 15
VisualStudioVersion = 15.0.27703.2042
MinimumVisualStudioVersion = 10.0.40219.1
Project("{FAE04EC0-301F-11D3-BF4B-00C04F79EFBC}") = "Team9_AD", "Team9_AD\Team9_AD.csproj", "{78D9FF95-9073-4B8C-AC9C-6E32BF8C9774}"
EndProject
Global
	GlobalSection(SolutionConfigurationPlatforms) = preSolution
		Debug|Any CPU = Debug|Any CPU
		Release|Any CPU = Release|Any CPU
	EndGlobalSection
	GlobalSection(ProjectConfigurationPlatforms) = postSolution
		{78D9FF95-9073-4B8C-AC9C-6E32BF8C9774}.Debug|Any CPU.ActiveCfg = Debug|Any CPU
		{78D9FF95-9073-4B8C-AC9C-6E32BF8C9774}.Debug|Any CPU.Build.0 = Debug|Any CPU
		{78D9FF95-9073-4B8C-AC9C-6E32BF8C9774}.Release|Any CPU.ActiveCfg = Release|Any CPU
		{78D9FF95-9073-4B8C-AC9C-6E32BF8C9774}.Release|Any CPU.Build.0 = Release|Any CPU
	EndGlobalSection
	GlobalSection(SolutionProperties) = preSolution
		HideSolutionNode = FALSE
	EndGlobalSection
	GlobalSection(ExtensibilityGlobals) = postSolution
		SolutionGuid = {57644CBA-4CE5-4572-862C-EC012BBB663B}
	EndGlobalSection
EndGlobal
